
Microsoft Visual Studio Solution File, Format Version 12.00
# Visual Studio 2013
VisualStudioVersion = 12.0.21005.1
MinimumVisualStudioVersion = 10.0.40219.1
Project("{8BC9CEB8-8B4A-11D0-8D11-00A0C91BC942}") = "C practice day05", "C practice day05\C practice day05.vcxproj", "{96B47A3C-A5F4-4531-A73E-4DB91B4D969A}"
EndProject
Global
	GlobalSection(SolutionConfigurationPlatforms) = preSolution
		Debug|Win32 = Debug|Win32
		Release|Win32 = Release|Win32
	EndGlobalSection
	GlobalSection(ProjectConfigurationPlatforms) = postSolution
		{96B47A3C-A5F4-4531-A73E-4DB91B4D969A}.Debug|Win32.ActiveCfg = Debug|Win32
		{96B47A3C-A5F4-4531-A73E-4DB91B4D969A}.Debug|Win32.Build.0 = Debug|Win32
		{96B47A3C-A5F4-4531-A73E-4DB91B4D969A}.Release|Win32.ActiveCfg = Release|Win32
		{96B47A3C-A5F4-4531-A73E-4DB91B4D969A}.Release|Win32.Build.0 = Release|Win32
	EndGlobalSection
	GlobalSection(SolutionProperties) = preSolution
		HideSolutionNode = FALSE
	EndGlobalSection
EndGlobal
